// !$*UTF8*$!
{
	archiveVersion = 1;
	classes = {
	};
	objectVersion = 50;
	objects = {

/* Begin PBXBuildFile section */
		4646B4BE4052E16AE0A44D53 /* libPods-MYHandsomeBoy.a in Frameworks */ = {isa = PBXBuildFile; fileRef = 5B5D8A79BAF2F5944ED7F5F4 /* libPods-MYHandsomeBoy.a */; };
		F54CA0B124FE6CE3008583D8 /* AppDelegate.swift in Sources */ = {isa = PBXBuildFile; fileRef = F54CA0B024FE6CE3008583D8 /* AppDelegate.swift */; };
		F54CA0B324FE6CE3008583D8 /* SceneDelegate.swift in Sources */ = {isa = PBXBuildFile; fileRef = F54CA0B224FE6CE3008583D8 /* SceneDelegate.swift */; };
		F54CA0B524FE6CE3008583D8 /* ContentView.swift in Sources */ = {isa = PBXBuildFile; fileRef = F54CA0B424FE6CE3008583D8 /* ContentView.swift */; };
		F54CA0B724FE6CE4008583D8 /* Assets.xcassets in Resources */ = {isa = PBXBuildFile; fileRef = F54CA0B624FE6CE4008583D8 /* Assets.xcassets */; };
		F54CA0BA24FE6CE4008583D8 /* Preview Assets.xcassets in Resources */ = {isa = PBXBuildFile; fileRef = F54CA0B924FE6CE4008583D8 /* Preview Assets.xcassets */; };
		F54CA0BD24FE6CE4008583D8 /* LaunchScreen.storyboard in Resources */ = {isa = PBXBuildFile; fileRef = F54CA0BB24FE6CE4008583D8 /* LaunchScreen.storyboard */; };
		F54CA0C724FE6DB0008583D8 /* User.swift in Sources */ = {isa = PBXBuildFile; fileRef = F54CA0C624FE6DB0008583D8 /* User.swift */; };
		F54CA0C924FE6DD0008583D8 /* addressBook.json in Resources */ = {isa = PBXBuildFile; fileRef = F54CA0C824FE6DD0008583D8 /* addressBook.json */; };
		F54CA0CD24FF4A9D008583D8 /* GroupListView.swift in Sources */ = {isa = PBXBuildFile; fileRef = F54CA0CC24FF4A9D008583D8 /* GroupListView.swift */; };
		F54CA0CF24FF8165008583D8 /* MemeberListView.swift in Sources */ = {isa = PBXBuildFile; fileRef = F54CA0CE24FF8165008583D8 /* MemeberListView.swift */; };
/* End PBXBuildFile section */

/* Begin PBXFileReference section */
		36CE34C40B416D1E39A6958F /* Pods-MYHandsomeBoy.debug.xcconfig */ = {isa = PBXFileReference; includeInIndex = 1; lastKnownFileType = text.xcconfig; name = "Pods-MYHandsomeBoy.debug.xcconfig"; path = "Target Support Files/Pods-MYHandsomeBoy/Pods-MYHandsomeBoy.debug.xcconfig"; sourceTree = "<group>"; };
		549121498FE49E2F673ABE43 /* Pods-MYHandsomeBoy.release.xcconfig */ = {isa = PBXFileReference; includeInIndex = 1; lastKnownFileType = text.xcconfig; name = "Pods-MYHandsomeBoy.release.xcconfig"; path = "Target Support Files/Pods-MYHandsomeBoy/Pods-MYHandsomeBoy.release.xcconfig"; sourceTree = "<group>"; };
		5B5D8A79BAF2F5944ED7F5F4 /* libPods-MYHandsomeBoy.a */ = {isa = PBXFileReference; explicitFileType = archive.ar; includeInIndex = 0; path = "libPods-MYHandsomeBoy.a"; sourceTree = BUILT_PRODUCTS_DIR; };
		F54CA0AD24FE6CE3008583D8 /* MYHandsomeBoy.app */ = {isa = PBXFileReference; explicitFileType = wrapper.application; includeInIndex = 0; path = MYHandsomeBoy.app; sourceTree = BUILT_PRODUCTS_DIR; };
		F54CA0B024FE6CE3008583D8 /* AppDelegate.swift */ = {isa = PBXFileReference; lastKnownFileType = sourcecode.swift; path = AppDelegate.swift; sourceTree = "<group>"; };
		F54CA0B224FE6CE3008583D8 /* SceneDelegate.swift */ = {isa = PBXFileReference; lastKnownFileType = sourcecode.swift; path = SceneDelegate.swift; sourceTree = "<group>"; };
		F54CA0B424FE6CE3008583D8 /* ContentView.swift */ = {isa = PBXFileReference; lastKnownFileType = sourcecode.swift; path = ContentView.swift; sourceTree = "<group>"; };
		F54CA0B624FE6CE4008583D8 /* Assets.xcassets */ = {isa = PBXFileReference; lastKnownFileType = folder.assetcatalog; path = Assets.xcassets; sourceTree = "<group>"; };
		F54CA0B924FE6CE4008583D8 /* Preview Assets.xcassets */ = {isa = PBXFileReference; lastKnownFileType = folder.assetcatalog; path = "Preview Assets.xcassets"; sourceTree = "<group>"; };
		F54CA0BC24FE6CE4008583D8 /* Base */ = {isa = PBXFileReference; lastKnownFileType = file.storyboard; name = Base; path = Base.lproj/LaunchScreen.storyboard; sourceTree = "<group>"; };
		F54CA0BE24FE6CE4008583D8 /* Info.plist */ = {isa = PBXFileReference; lastKnownFileType = text.plist.xml; path = Info.plist; sourceTree = "<group>"; };
		F54CA0C624FE6DB0008583D8 /* User.swift */ = {isa = PBXFileReference; fileEncoding = 4; lastKnownFileType = sourcecode.swift; path = User.swift; sourceTree = "<group>"; };
		F54CA0C824FE6DD0008583D8 /* addressBook.json */ = {isa = PBXFileReference; fileEncoding = 4; lastKnownFileType = text.json; path = addressBook.json; sourceTree = "<group>"; };
		F54CA0CC24FF4A9D008583D8 /* GroupListView.swift */ = {isa = PBXFileReference; lastKnownFileType = sourcecode.swift; path = GroupListView.swift; sourceTree = "<group>"; };
		F54CA0CE24FF8165008583D8 /* MemeberListView.swift */ = {isa = PBXFileReference; lastKnownFileType = sourcecode.swift; path = MemeberListView.swift; sourceTree = "<group>"; };
/* End PBXFileReference section */

/* Begin PBXFrameworksBuildPhase section */
		F54CA0AA24FE6CE3008583D8 /* Frameworks */ = {
			isa = PBXFrameworksBuildPhase;
			buildActionMask = 2147483647;
			files = (
				4646B4BE4052E16AE0A44D53 /* libPods-MYHandsomeBoy.a in Frameworks */,
			);
			runOnlyForDeploymentPostprocessing = 0;
		};
/* End PBXFrameworksBuildPhase section */

/* Begin PBXGroup section */
		C02F4D027F1BAA40662397BF /* Pods */ = {
			isa = PBXGroup;
			children = (
				36CE34C40B416D1E39A6958F /* Pods-MYHandsomeBoy.debug.xcconfig */,
				549121498FE49E2F673ABE43 /* Pods-MYHandsomeBoy.release.xcconfig */,
			);
			path = Pods;
			sourceTree = "<group>";
		};
		D36F28A9E6ABE1F442E85F93 /* Frameworks */ = {
			isa = PBXGroup;
			children = (
				5B5D8A79BAF2F5944ED7F5F4 /* libPods-MYHandsomeBoy.a */,
			);
			name = Frameworks;
			sourceTree = "<group>";
		};
		F54CA0A424FE6CE3008583D8 = {
			isa = PBXGroup;
			children = (
				F54CA0AF24FE6CE3008583D8 /* MYHandsomeBoy */,
				F54CA0AE24FE6CE3008583D8 /* Products */,
				C02F4D027F1BAA40662397BF /* Pods */,
				D36F28A9E6ABE1F442E85F93 /* Frameworks */,
			);
			sourceTree = "<group>";
		};
		F54CA0AE24FE6CE3008583D8 /* Products */ = {
			isa = PBXGroup;
			children = (
				F54CA0AD24FE6CE3008583D8 /* MYHandsomeBoy.app */,
			);
			name = Products;
			sourceTree = "<group>";
		};
		F54CA0AF24FE6CE3008583D8 /* MYHandsomeBoy */ = {
			isa = PBXGroup;
			children = (
				F54CA0C824FE6DD0008583D8 /* addressBook.json */,
				F54CA0B024FE6CE3008583D8 /* AppDelegate.swift */,
				F54CA0B224FE6CE3008583D8 /* SceneDelegate.swift */,
				F54CA0C624FE6DB0008583D8 /* User.swift */,
				F54CA0B424FE6CE3008583D8 /* ContentView.swift */,
				F54CA0CC24FF4A9D008583D8 /* GroupListView.swift */,
				F54CA0CE24FF8165008583D8 /* MemeberListView.swift */,
				F54CA0B624FE6CE4008583D8 /* Assets.xcassets */,
				F54CA0BB24FE6CE4008583D8 /* LaunchScreen.storyboard */,
				F54CA0BE24FE6CE4008583D8 /* Info.plist */,
				F54CA0B824FE6CE4008583D8 /* Preview Content */,
			);
			path = MYHandsomeBoy;
			sourceTree = "<group>";
		};
		F54CA0B824FE6CE4008583D8 /* Preview Content */ = {
			isa = PBXGroup;
			children = (
				F54CA0B924FE6CE4008583D8 /* Preview Assets.xcassets */,
			);
			path = "Preview Content";
			sourceTree = "<group>";
		};
/* End PBXGroup section */

/* Begin PBXNativeTarget section */
		F54CA0AC24FE6CE3008583D8 /* MYHandsomeBoy */ = {
			isa = PBXNativeTarget;
			buildConfigurationList = F54CA0C124FE6CE4008583D8 /* Build configuration list for PBXNativeTarget "MYHandsomeBoy" */;
			buildPhases = (
				3AA6F4E1B4CC9454B6A82F9A /* [CP] Check Pods Manifest.lock */,
				F54CA0A924FE6CE3008583D8 /* Sources */,
				F54CA0AA24FE6CE3008583D8 /* Frameworks */,
				F54CA0AB24FE6CE3008583D8 /* Resources */,
			);
			buildRules = (
			);
			dependencies = (
			);
			name = MYHandsomeBoy;
			productName = MYHandsomeBoy;
			productReference = F54CA0AD24FE6CE3008583D8 /* MYHandsomeBoy.app */;
			productType = "com.apple.product-type.application";
		};
/* End PBXNativeTarget section */

/* Begin PBXProject section */
		F54CA0A524FE6CE3008583D8 /* Project object */ = {
			isa = PBXProject;
			attributes = {
				LastSwiftUpdateCheck = 1160;
				LastUpgradeCheck = 1160;
				ORGANIZATIONNAME = Meikeo;
				TargetAttributes = {
					F54CA0AC24FE6CE3008583D8 = {
						CreatedOnToolsVersion = 11.6;
					};
				};
			};
			buildConfigurationList = F54CA0A824FE6CE3008583D8 /* Build configuration list for PBXProject "MYHandsomeBoy" */;
			compatibilityVersion = "Xcode 9.3";
			developmentRegion = en;
			hasScannedForEncodings = 0;
			knownRegions = (
				en,
				Base,
			);
			mainGroup = F54CA0A424FE6CE3008583D8;
			productRefGroup = F54CA0AE24FE6CE3008583D8 /* Products */;
			projectDirPath = "";
			projectRoot = "";
			targets = (
				F54CA0AC24FE6CE3008583D8 /* MYHandsomeBoy */,
			);
		};
/* End PBXProject section */

/* Begin PBXResourcesBuildPhase section */
		F54CA0AB24FE6CE3008583D8 /* Resources */ = {
			isa = PBXResourcesBuildPhase;
			buildActionMask = 2147483647;
			files = (
				F54CA0BD24FE6CE4008583D8 /* LaunchScreen.storyboard in Resources */,
				F54CA0C924FE6DD0008583D8 /* addressBook.json in Resources */,
				F54CA0BA24FE6CE4008583D8 /* Preview Assets.xcassets in Resources */,
				F54CA0B724FE6CE4008583D8 /* Assets.xcassets in Resources */,
			);
			runOnlyForDeploymentPostprocessing = 0;
		};
/* End PBXResourcesBuildPhase section */

/* Begin PBXShellScriptBuildPhase section */
		3AA6F4E1B4CC9454B6A82F9A /* [CP] Check Pods Manifest.lock */ = {
			isa = PBXShellScriptBuildPhase;
			buildActionMask = 2147483647;
			files = (
			);
			inputFileListPaths = (
			);
			inputPaths = (
				"${PODS_PODFILE_DIR_PATH}/Podfile.lock",
				"${PODS_ROOT}/Manifest.lock",
			);
			name = "[CP] Check Pods Manifest.lock";
			outputFileListPaths = (
			);
			outputPaths = (
				"$(DERIVED_FILE_DIR)/Pods-MYHandsomeBoy-checkManifestLockResult.txt",
			);
			runOnlyForDeploymentPostprocessing = 0;
			shellPath = /bin/sh;
			shellScript = "diff \"${PODS_PODFILE_DIR_PATH}/Podfile.lock\" \"${PODS_ROOT}/Manifest.lock\" > /dev/null\nif [ $? != 0 ] ; then\n    # print error to STDERR\n    echo \"error: The sandbox is not in sync with the Podfile.lock. Run 'pod install' or update your CocoaPods installation.\" >&2\n    exit 1\nfi\n# This output is used by Xcode 'outputs' to avoid re-running this script phase.\necho \"SUCCESS\" > \"${SCRIPT_OUTPUT_FILE_0}\"\n";
			showEnvVarsInLog = 0;
		};
/* End PBXShellScriptBuildPhase section */

/* Begin PBXSourcesBuildPhase section */
		F54CA0A924FE6CE3008583D8 /* Sources */ = {
			isa = PBXSourcesBuildPhase;
			buildActionMask = 2147483647;
			files = (
				F54CA0CF24FF8165008583D8 /* MemeberListView.swift in Sources */,
				F54CA0B124FE6CE3008583D8 /* AppDelegate.swift in Sources */,
				F54CA0B324FE6CE3008583D8 /* SceneDelegate.swift in Sources */,
				F54CA0C724FE6DB0008583D8 /* User.swift in Sources */,
				F54CA0CD24FF4A9D008583D8 /* GroupListView.swift in Sources */,
				F54CA0B524FE6CE3008583D8 /* ContentView.swift in Sources */,
			);
			runOnlyForDeploymentPostprocessing = 0;
		};
/* End PBXSourcesBuildPhase section */

/* Begin PBXVariantGroup section */
		F54CA0BB24FE6CE4008583D8 /* LaunchScreen.storyboard */ = {
			isa = PBXVariantGroup;
			children = (
				F54CA0BC24FE6CE4008583D8 /* Base */,
			);
			name = LaunchScreen.storyboard;
			sourceTree = "<group>";
		};
/* End PBXVariantGroup section */

/* Begin XCBuildConfiguration section */
		F54CA0BF24FE6CE4008583D8 /* Debug */ = {
			isa = XCBuildConfiguration;
			buildSettings = {
				ALWAYS_SEARCH_USER_PATHS = NO;
				CLANG_ANALYZER_NONNULL = YES;
				CLANG_ANALYZER_NUMBER_OBJECT_CONVERSION = YES_AGGRESSIVE;
				CLANG_CXX_LANGUAGE_STANDARD = "gnu++14";
				CLANG_CXX_LIBRARY = "libc++";
				CLANG_ENABLE_MODULES = YES;
				CLANG_ENABLE_OBJC_ARC = YES;
				CLANG_ENABLE_OBJC_WEAK = YES;
				CLANG_WARN_BLOCK_CAPTURE_AUTORELEASING = YES;
				CLANG_WARN_BOOL_CONVERSION = YES;
				CLANG_WARN_COMMA = YES;
				CLANG_WARN_CONSTANT_CONVERSION = YES;
				CLANG_WARN_DEPRECATED_OBJC_IMPLEMENTATIONS = YES;
				CLANG_WARN_DIRECT_OBJC_ISA_USAGE = YES_ERROR;
				CLANG_WARN_DOCUMENTATION_COMMENTS = YES;
				CLANG_WARN_EMPTY_BODY = YES;
				CLANG_WARN_ENUM_CONVERSION = YES;
				CLANG_WARN_INFINITE_RECURSION = YES;
				CLANG_WARN_INT_CONVERSION = YES;
				CLANG_WARN_NON_LITERAL_NULL_CONVERSION = YES;
				CLANG_WARN_OBJC_IMPLICIT_RETAIN_SELF = YES;
				CLANG_WARN_OBJC_LITERAL_CONVERSION = YES;
				CLANG_WARN_OBJC_ROOT_CLASS = YES_ERROR;
				CLANG_WARN_RANGE_LOOP_ANALYSIS = YES;
				CLANG_WARN_STRICT_PROTOTYPES = YES;
				CLANG_WARN_SUSPICIOUS_MOVE = YES;
				CLANG_WARN_UNGUARDED_AVAILABILITY = YES_AGGRESSIVE;
				CLANG_WARN_UNREACHABLE_CODE = YES;
				CLANG_WARN__DUPLICATE_METHOD_MATCH = YES;
				COPY_PHASE_STRIP = NO;
				DEBUG_INFORMATION_FORMAT = dwarf;
				ENABLE_STRICT_OBJC_MSGSEND = YES;
				ENABLE_TESTABILITY = YES;
				GCC_C_LANGUAGE_STANDARD = gnu11;
				GCC_DYNAMIC_NO_PIC = NO;
				GCC_NO_COMMON_BLOCKS = YES;
				GCC_OPTIMIZATION_LEVEL = 0;
				GCC_PREPROCESSOR_DEFINITIONS = (
					"DEBUG=1",
					"$(inherited)",
				);
				GCC_WARN_64_TO_32_BIT_CONVERSION = YES;
				GCC_WARN_ABOUT_RETURN_TYPE = YES_ERROR;
				GCC_WARN_UNDECLARED_SELECTOR = YES;
				GCC_WARN_UNINITIALIZED_AUTOS = YES_AGGRESSIVE;
				GCC_WARN_UNUSED_FUNCTION = YES;
				GCC_WARN_UNUSED_VARIABLE = YES;
				IPHONEOS_DEPLOYMENT_TARGET = 13.6;
				MTL_ENABLE_DEBUG_INFO = INCLUDE_SOURCE;
				MTL_FAST_MATH = YES;
				ONLY_ACTIVE_ARCH = YES;
				SDKROOT = iphoneos;
				SWIFT_ACTIVE_COMPILATION_CONDITIONS = DEBUG;
				SWIFT_OPTIMIZATION_LEVEL = "-Onone";
			};
			name = Debug;
		};
		F54CA0C024FE6CE4008583D8 /* Release */ = {
			isa = XCBuildConfiguration;
			buildSettings = {
				ALWAYS_SEARCH_USER_PATHS = NO;
				CLANG_ANALYZER_NONNULL = YES;
				CLANG_ANALYZER_NUMBER_OBJECT_CONVERSION = YES_AGGRESSIVE;
				CLANG_CXX_LANGUAGE_STANDARD = "gnu++14";
				CLANG_CXX_LIBRARY = "libc++";
				CLANG_ENABLE_MODULES = YES;
				CLANG_ENABLE_OBJC_ARC = YES;
				CLANG_ENABLE_OBJC_WEAK = YES;
				CLANG_WARN_BLOCK_CAPTURE_AUTORELEASING = YES;
				CLANG_WARN_BOOL_CONVERSION = YES;
				CLANG_WARN_COMMA = YES;
				CLANG_WARN_CONSTANT_CONVERSION = YES;
				CLANG_WARN_DEPRECATED_OBJC_IMPLEMENTATIONS = YES;
				CLANG_WARN_DIRECT_OBJC_ISA_USAGE = YES_ERROR;
				CLANG_WARN_DOCUMENTATION_COMMENTS = YES;
				CLANG_WARN_EMPTY_BODY = YES;
				CLANG_WARN_ENUM_CONVERSION = YES;
				CLANG_WARN_INFINITE_RECURSION = YES;
				CLANG_WARN_INT_CONVERSION = YES;
				CLANG_WARN_NON_LITERAL_NULL_CONVERSION = YES;
				CLANG_WARN_OBJC_IMPLICIT_RETAIN_SELF = YES;
				CLANG_WARN_OBJC_LITERAL_CONVERSION = YES;
				CLANG_WARN_OBJC_ROOT_CLASS = YES_ERROR;
				CLANG_WARN_RANGE_LOOP_ANALYSIS = YES;
				CLANG_WARN_STRICT_PROTOTYPES = YES;
				CLANG_WARN_SUSPICIOUS_MOVE = YES;
				CLANG_WARN_UNGUARDED_AVAILABILITY = YES_AGGRESSIVE;
				CLANG_WARN_UNREACHABLE_CODE = YES;
				CLANG_WARN__DUPLICATE_METHOD_MATCH = YES;
				COPY_PHASE_STRIP = NO;
				DEBUG_INFORMATION_FORMAT = "dwarf-with-dsym";
				ENABLE_NS_ASSERTIONS = NO;
				ENABLE_STRICT_OBJC_MSGSEND = YES;
				GCC_C_LANGUAGE_STANDARD = gnu11;
				GCC_NO_COMMON_BLOCKS = YES;
				GCC_WARN_64_TO_32_BIT_CONVERSION = YES;
				GCC_WARN_ABOUT_RETURN_TYPE = YES_ERROR;
				GCC_WARN_UNDECLARED_SELECTOR = YES;
				GCC_WARN_UNINITIALIZED_AUTOS = YES_AGGRESSIVE;
				GCC_WARN_UNUSED_FUNCTION = YES;
				GCC_WARN_UNUSED_VARIABLE = YES;
				IPHONEOS_DEPLOYMENT_TARGET = 13.6;
				MTL_ENABLE_DEBUG_INFO = NO;
				MTL_FAST_MATH = YES;
				SDKROOT = iphoneos;
				SWIFT_COMPILATION_MODE = wholemodule;
				SWIFT_OPTIMIZATION_LEVEL = "-O";
				VALIDATE_PRODUCT = YES;
			};
			name = Release;
		};
		F54CA0C224FE6CE4008583D8 /* Debug */ = {
			isa = XCBuildConfiguration;
			baseConfigurationReference = 36CE34C40B416D1E39A6958F /* Pods-MYHandsomeBoy.debug.xcconfig */;
			buildSettings = {
				ASSETCATALOG_COMPILER_APPICON_NAME = AppIcon;
				CODE_SIGN_STYLE = Automatic;
				DEVELOPMENT_ASSET_PATHS = "\"MYHandsomeBoy/Preview Content\"";
				ENABLE_PREVIEWS = YES;
				INFOPLIST_FILE = MYHandsomeBoy/Info.plist;
				IPHONEOS_DEPLOYMENT_TARGET = 13.0;
				LD_RUNPATH_SEARCH_PATHS = (
					"$(inherited)",
					"@executable_path/Frameworks",
				);
				PRODUCT_BUNDLE_IDENTIFIER = com.ifungeek.www.MYHandsomeBoy;
				PRODUCT_NAME = "$(TARGET_NAME)";
				SWIFT_VERSION = 5.0;
				TARGETED_DEVICE_FAMILY = "1,2";
			};
			name = Debug;
		};
		F54CA0C324FE6CE4008583D8 /* Release */ = {
			isa = XCBuildConfiguration;
			baseConfigurationReference = 549121498FE49E2F673ABE43 /* Pods-MYHandsomeBoy.release.xcconfig */;
			buildSettings = {
				ASSETCATALOG_COMPILER_APPICON_NAME = AppIcon;
				CODE_SIGN_STYLE = Automatic;
				DEVELOPMENT_ASSET_PATHS = "\"MYHandsomeBoy/Preview Content\"";
				ENABLE_PREVIEWS = YES;
				INFOPLIST_FILE = MYHandsomeBoy/Info.plist;
				IPHONEOS_DEPLOYMENT_TARGET = 13.0;
				LD_RUNPATH_SEARCH_PATHS = (
					"$(inherited)",
					"@executable_path/Frameworks",
				);
				PRODUCT_BUNDLE_IDENTIFIER = com.ifungeek.www.MYHandsomeBoy;
				PRODUCT_NAME = "$(TARGET_NAME)";
				SWIFT_VERSION = 5.0;
				TARGETED_DEVICE_FAMILY = "1,2";
			};
			name = Release;
		};
/* End XCBuildConfiguration section */

/* Begin XCConfigurationList section */
		F54CA0A824FE6CE3008583D8 /* Build configuration list for PBXProject "MYHandsomeBoy" */ = {
			isa = XCConfigurationList;
			buildConfigurations = (
				F54CA0BF24FE6CE4008583D8 /* Debug */,
				F54CA0C024FE6CE4008583D8 /* Release */,
			);
			defaultConfigurationIsVisible = 0;
			defaultConfigurationName = Release;
		};
		F54CA0C124FE6CE4008583D8 /* Build configuration list for PBXNativeTarget "MYHandsomeBoy" */ = {
			isa = XCConfigurationList;
			buildConfigurations = (
				F54CA0C224FE6CE4008583D8 /* Debug */,
				F54CA0C324FE6CE4008583D8 /* Release */,
			);
			defaultConfigurationIsVisible = 0;
			defaultConfigurationName = Release;
		};
/* End XCConfigurationList section */
	};
	rootObject = F54CA0A524FE6CE3008583D8 /* Project object */;
}
