// !$*UTF8*$!
{
	archiveVersion = 1;
	classes = {
	};
	objectVersion = 50;
	objects = {

/* Begin PBXBuildFile section */
		25A3F0E5B5889D7A238DFCD4 /* libPods-MYSwiftDemo.a in Frameworks */ = {isa = PBXBuildFile; fileRef = 8D52636009FAC510224F51CF /* libPods-MYSwiftDemo.a */; };
		F54CA0DD2500CAA0008583D8 /* AppDelegate.swift in Sources */ = {isa = PBXBuildFile; fileRef = F54CA0DC2500CAA0008583D8 /* AppDelegate.swift */; };
		F54CA0E42500CAA0008583D8 /* Main.storyboard in Resources */ = {isa = PBXBuildFile; fileRef = F54CA0E22500CAA0008583D8 /* Main.storyboard */; };
		F54CA0E62500CAA1008583D8 /* Assets.xcassets in Resources */ = {isa = PBXBuildFile; fileRef = F54CA0E52500CAA1008583D8 /* Assets.xcassets */; };
		F54CA0E92500CAA1008583D8 /* LaunchScreen.storyboard in Resources */ = {isa = PBXBuildFile; fileRef = F54CA0E72500CAA1008583D8 /* LaunchScreen.storyboard */; };
		F54CA0F52500CF89008583D8 /* addressBook.json in Resources */ = {isa = PBXBuildFile; fileRef = F54CA0F42500CF89008583D8 /* addressBook.json */; };
		F54CA0F72500CFDB008583D8 /* MyModel.swift in Sources */ = {isa = PBXBuildFile; fileRef = F54CA0F62500CFDB008583D8 /* MyModel.swift */; };
		F54CA0FD2500D811008583D8 /* MYHome.swift in Sources */ = {isa = PBXBuildFile; fileRef = F54CA0FC2500D811008583D8 /* MYHome.swift */; };
		F54CA0FF2500DB06008583D8 /* MYListTableViewCell.swift in Sources */ = {isa = PBXBuildFile; fileRef = F54CA0FE2500DB06008583D8 /* MYListTableViewCell.swift */; };
		F54CA1032500EBC6008583D8 /* MYGroupSelectList.swift in Sources */ = {isa = PBXBuildFile; fileRef = F54CA1022500EBC6008583D8 /* MYGroupSelectList.swift */; };
		F54CA1052500EBD6008583D8 /* MYMemberSelectList.swift in Sources */ = {isa = PBXBuildFile; fileRef = F54CA1042500EBD6008583D8 /* MYMemberSelectList.swift */; };
		F54CA10725010928008583D8 /* MYProgressView.swift in Sources */ = {isa = PBXBuildFile; fileRef = F54CA10625010928008583D8 /* MYProgressView.swift */; };
/* End PBXBuildFile section */

/* Begin PBXFileReference section */
		57A1550B6A24AC4A49F58E79 /* Pods-MYSwiftDemo.release.xcconfig */ = {isa = PBXFileReference; includeInIndex = 1; lastKnownFileType = text.xcconfig; name = "Pods-MYSwiftDemo.release.xcconfig"; path = "Target Support Files/Pods-MYSwiftDemo/Pods-MYSwiftDemo.release.xcconfig"; sourceTree = "<group>"; };
		8D52636009FAC510224F51CF /* libPods-MYSwiftDemo.a */ = {isa = PBXFileReference; explicitFileType = archive.ar; includeInIndex = 0; path = "libPods-MYSwiftDemo.a"; sourceTree = BUILT_PRODUCTS_DIR; };
		B60E3EE37A9DFA49A4073802 /* Pods-MYSwiftDemo.debug.xcconfig */ = {isa = PBXFileReference; includeInIndex = 1; lastKnownFileType = text.xcconfig; name = "Pods-MYSwiftDemo.debug.xcconfig"; path = "Target Support Files/Pods-MYSwiftDemo/Pods-MYSwiftDemo.debug.xcconfig"; sourceTree = "<group>"; };
		F54CA0D92500CAA0008583D8 /* MYSwiftDemo.app */ = {isa = PBXFileReference; explicitFileType = wrapper.application; includeInIndex = 0; path = MYSwiftDemo.app; sourceTree = BUILT_PRODUCTS_DIR; };
		F54CA0DC2500CAA0008583D8 /* AppDelegate.swift */ = {isa = PBXFileReference; lastKnownFileType = sourcecode.swift; path = AppDelegate.swift; sourceTree = "<group>"; };
		F54CA0E32500CAA0008583D8 /* Base */ = {isa = PBXFileReference; lastKnownFileType = file.storyboard; name = Base; path = Base.lproj/Main.storyboard; sourceTree = "<group>"; };
		F54CA0E52500CAA1008583D8 /* Assets.xcassets */ = {isa = PBXFileReference; lastKnownFileType = folder.assetcatalog; path = Assets.xcassets; sourceTree = "<group>"; };
		F54CA0E82500CAA1008583D8 /* Base */ = {isa = PBXFileReference; lastKnownFileType = file.storyboard; name = Base; path = Base.lproj/LaunchScreen.storyboard; sourceTree = "<group>"; };
		F54CA0EA2500CAA1008583D8 /* Info.plist */ = {isa = PBXFileReference; lastKnownFileType = text.plist.xml; path = Info.plist; sourceTree = "<group>"; };
		F54CA0F42500CF89008583D8 /* addressBook.json */ = {isa = PBXFileReference; fileEncoding = 4; lastKnownFileType = text.json; path = addressBook.json; sourceTree = "<group>"; };
		F54CA0F62500CFDB008583D8 /* MyModel.swift */ = {isa = PBXFileReference; fileEncoding = 4; lastKnownFileType = sourcecode.swift; path = MyModel.swift; sourceTree = "<group>"; };
		F54CA0FC2500D811008583D8 /* MYHome.swift */ = {isa = PBXFileReference; lastKnownFileType = sourcecode.swift; path = MYHome.swift; sourceTree = "<group>"; };
		F54CA0FE2500DB06008583D8 /* MYListTableViewCell.swift */ = {isa = PBXFileReference; lastKnownFileType = sourcecode.swift; path = MYListTableViewCell.swift; sourceTree = "<group>"; };
		F54CA1022500EBC6008583D8 /* MYGroupSelectList.swift */ = {isa = PBXFileReference; lastKnownFileType = sourcecode.swift; path = MYGroupSelectList.swift; sourceTree = "<group>"; };
		F54CA1042500EBD6008583D8 /* MYMemberSelectList.swift */ = {isa = PBXFileReference; lastKnownFileType = sourcecode.swift; path = MYMemberSelectList.swift; sourceTree = "<group>"; };
		F54CA10625010928008583D8 /* MYProgressView.swift */ = {isa = PBXFileReference; lastKnownFileType = sourcecode.swift; path = MYProgressView.swift; sourceTree = "<group>"; };
/* End PBXFileReference section */

/* Begin PBXFrameworksBuildPhase section */
		F54CA0D62500CAA0008583D8 /* Frameworks */ = {
			isa = PBXFrameworksBuildPhase;
			buildActionMask = 2147483647;
			files = (
				25A3F0E5B5889D7A238DFCD4 /* libPods-MYSwiftDemo.a in Frameworks */,
			);
			runOnlyForDeploymentPostprocessing = 0;
		};
/* End PBXFrameworksBuildPhase section */

/* Begin PBXGroup section */
		BF1C07F5076BF0862493772D /* Frameworks */ = {
			isa = PBXGroup;
			children = (
				8D52636009FAC510224F51CF /* libPods-MYSwiftDemo.a */,
			);
			name = Frameworks;
			sourceTree = "<group>";
		};
		D837C1889167F06714F8C945 /* Pods */ = {
			isa = PBXGroup;
			children = (
				B60E3EE37A9DFA49A4073802 /* Pods-MYSwiftDemo.debug.xcconfig */,
				57A1550B6A24AC4A49F58E79 /* Pods-MYSwiftDemo.release.xcconfig */,
			);
			path = Pods;
			sourceTree = "<group>";
		};
		F54CA0D02500CAA0008583D8 = {
			isa = PBXGroup;
			children = (
				F54CA0DB2500CAA0008583D8 /* MYSwiftDemo */,
				F54CA0DA2500CAA0008583D8 /* Products */,
				D837C1889167F06714F8C945 /* Pods */,
				BF1C07F5076BF0862493772D /* Frameworks */,
			);
			sourceTree = "<group>";
		};
		F54CA0DA2500CAA0008583D8 /* Products */ = {
			isa = PBXGroup;
			children = (
				F54CA0D92500CAA0008583D8 /* MYSwiftDemo.app */,
			);
			name = Products;
			sourceTree = "<group>";
		};
		F54CA0DB2500CAA0008583D8 /* MYSwiftDemo */ = {
			isa = PBXGroup;
			children = (
				F54CA0F42500CF89008583D8 /* addressBook.json */,
				F54CA0F62500CFDB008583D8 /* MyModel.swift */,
				F54CA0FC2500D811008583D8 /* MYHome.swift */,
				F54CA1022500EBC6008583D8 /* MYGroupSelectList.swift */,
				F54CA1042500EBD6008583D8 /* MYMemberSelectList.swift */,
				F54CA10625010928008583D8 /* MYProgressView.swift */,
				F54CA0FE2500DB06008583D8 /* MYListTableViewCell.swift */,
				F54CA0DC2500CAA0008583D8 /* AppDelegate.swift */,
				F54CA0E22500CAA0008583D8 /* Main.storyboard */,
				F54CA0E52500CAA1008583D8 /* Assets.xcassets */,
				F54CA0E72500CAA1008583D8 /* LaunchScreen.storyboard */,
				F54CA0EA2500CAA1008583D8 /* Info.plist */,
			);
			path = MYSwiftDemo;
			sourceTree = "<group>";
		};
/* End PBXGroup section */

/* Begin PBXNativeTarget section */
		F54CA0D82500CAA0008583D8 /* MYSwiftDemo */ = {
			isa = PBXNativeTarget;
			buildConfigurationList = F54CA0ED2500CAA1008583D8 /* Build configuration list for PBXNativeTarget "MYSwiftDemo" */;
			buildPhases = (
				85FFAA46C573B1161DA08F90 /* [CP] Check Pods Manifest.lock */,
				F54CA0D52500CAA0008583D8 /* Sources */,
				F54CA0D62500CAA0008583D8 /* Frameworks */,
				F54CA0D72500CAA0008583D8 /* Resources */,
			);
			buildRules = (
			);
			dependencies = (
			);
			name = MYSwiftDemo;
			productName = MYSwiftDemo;
			productReference = F54CA0D92500CAA0008583D8 /* MYSwiftDemo.app */;
			productType = "com.apple.product-type.application";
		};
/* End PBXNativeTarget section */

/* Begin PBXProject section */
		F54CA0D12500CAA0008583D8 /* Project object */ = {
			isa = PBXProject;
			attributes = {
				CLASSPREFIX = MY;
				LastSwiftUpdateCheck = 1160;
				LastUpgradeCheck = 1160;
				ORGANIZATIONNAME = Meikeo;
				TargetAttributes = {
					F54CA0D82500CAA0008583D8 = {
						CreatedOnToolsVersion = 11.6;
					};
				};
			};
			buildConfigurationList = F54CA0D42500CAA0008583D8 /* Build configuration list for PBXProject "MYSwiftDemo" */;
			compatibilityVersion = "Xcode 9.3";
			developmentRegion = en;
			hasScannedForEncodings = 0;
			knownRegions = (
				en,
				Base,
			);
			mainGroup = F54CA0D02500CAA0008583D8;
			productRefGroup = F54CA0DA2500CAA0008583D8 /* Products */;
			projectDirPath = "";
			projectRoot = "";
			targets = (
				F54CA0D82500CAA0008583D8 /* MYSwiftDemo */,
			);
		};
/* End PBXProject section */

/* Begin PBXResourcesBuildPhase section */
		F54CA0D72500CAA0008583D8 /* Resources */ = {
			isa = PBXResourcesBuildPhase;
			buildActionMask = 2147483647;
			files = (
				F54CA0E92500CAA1008583D8 /* LaunchScreen.storyboard in Resources */,
				F54CA0F52500CF89008583D8 /* addressBook.json in Resources */,
				F54CA0E62500CAA1008583D8 /* Assets.xcassets in Resources */,
				F54CA0E42500CAA0008583D8 /* Main.storyboard in Resources */,
			);
			runOnlyForDeploymentPostprocessing = 0;
		};
/* End PBXResourcesBuildPhase section */

/* Begin PBXShellScriptBuildPhase section */
		85FFAA46C573B1161DA08F90 /* [CP] Check Pods Manifest.lock */ = {
			isa = PBXShellScriptBuildPhase;
			buildActionMask = 2147483647;
			files = (
			);
			inputFileListPaths = (
			);
			inputPaths = (
				"${PODS_PODFILE_DIR_PATH}/Podfile.lock",
				"${PODS_ROOT}/Manifest.lock",
			);
			name = "[CP] Check Pods Manifest.lock";
			outputFileListPaths = (
			);
			outputPaths = (
				"$(DERIVED_FILE_DIR)/Pods-MYSwiftDemo-checkManifestLockResult.txt",
			);
			runOnlyForDeploymentPostprocessing = 0;
			shellPath = /bin/sh;
			shellScript = "diff \"${PODS_PODFILE_DIR_PATH}/Podfile.lock\" \"${PODS_ROOT}/Manifest.lock\" > /dev/null\nif [ $? != 0 ] ; then\n    # print error to STDERR\n    echo \"error: The sandbox is not in sync with the Podfile.lock. Run 'pod install' or update your CocoaPods installation.\" >&2\n    exit 1\nfi\n# This output is used by Xcode 'outputs' to avoid re-running this script phase.\necho \"SUCCESS\" > \"${SCRIPT_OUTPUT_FILE_0}\"\n";
			showEnvVarsInLog = 0;
		};
/* End PBXShellScriptBuildPhase section */

/* Begin PBXSourcesBuildPhase section */
		F54CA0D52500CAA0008583D8 /* Sources */ = {
			isa = PBXSourcesBuildPhase;
			buildActionMask = 2147483647;
			files = (
				F54CA0FD2500D811008583D8 /* MYHome.swift in Sources */,
				F54CA1032500EBC6008583D8 /* MYGroupSelectList.swift in Sources */,
				F54CA0FF2500DB06008583D8 /* MYListTableViewCell.swift in Sources */,
				F54CA0DD2500CAA0008583D8 /* AppDelegate.swift in Sources */,
				F54CA10725010928008583D8 /* MYProgressView.swift in Sources */,
				F54CA0F72500CFDB008583D8 /* MyModel.swift in Sources */,
				F54CA1052500EBD6008583D8 /* MYMemberSelectList.swift in Sources */,
			);
			runOnlyForDeploymentPostprocessing = 0;
		};
/* End PBXSourcesBuildPhase section */

/* Begin PBXVariantGroup section */
		F54CA0E22500CAA0008583D8 /* Main.storyboard */ = {
			isa = PBXVariantGroup;
			children = (
				F54CA0E32500CAA0008583D8 /* Base */,
			);
			name = Main.storyboard;
			sourceTree = "<group>";
		};
		F54CA0E72500CAA1008583D8 /* LaunchScreen.storyboard */ = {
			isa = PBXVariantGroup;
			children = (
				F54CA0E82500CAA1008583D8 /* Base */,
			);
			name = LaunchScreen.storyboard;
			sourceTree = "<group>";
		};
/* End PBXVariantGroup section */

/* Begin XCBuildConfiguration section */
		F54CA0EB2500CAA1008583D8 /* Debug */ = {
			isa = XCBuildConfiguration;
			buildSettings = {
				ALWAYS_SEARCH_USER_PATHS = NO;
				CLANG_ANALYZER_NONNULL = YES;
				CLANG_ANALYZER_NUMBER_OBJECT_CONVERSION = YES_AGGRESSIVE;
				CLANG_CXX_LANGUAGE_STANDARD = "gnu++14";
				CLANG_CXX_LIBRARY = "libc++";
				CLANG_ENABLE_MODULES = YES;
				CLANG_ENABLE_OBJC_ARC = YES;
				CLANG_ENABLE_OBJC_WEAK = YES;
				CLANG_WARN_BLOCK_CAPTURE_AUTORELEASING = YES;
				CLANG_WARN_BOOL_CONVERSION = YES;
				CLANG_WARN_COMMA = YES;
				CLANG_WARN_CONSTANT_CONVERSION = YES;
				CLANG_WARN_DEPRECATED_OBJC_IMPLEMENTATIONS = YES;
				CLANG_WARN_DIRECT_OBJC_ISA_USAGE = YES_ERROR;
				CLANG_WARN_DOCUMENTATION_COMMENTS = YES;
				CLANG_WARN_EMPTY_BODY = YES;
				CLANG_WARN_ENUM_CONVERSION = YES;
				CLANG_WARN_INFINITE_RECURSION = YES;
				CLANG_WARN_INT_CONVERSION = YES;
				CLANG_WARN_NON_LITERAL_NULL_CONVERSION = YES;
				CLANG_WARN_OBJC_IMPLICIT_RETAIN_SELF = YES;
				CLANG_WARN_OBJC_LITERAL_CONVERSION = YES;
				CLANG_WARN_OBJC_ROOT_CLASS = YES_ERROR;
				CLANG_WARN_RANGE_LOOP_ANALYSIS = YES;
				CLANG_WARN_STRICT_PROTOTYPES = YES;
				CLANG_WARN_SUSPICIOUS_MOVE = YES;
				CLANG_WARN_UNGUARDED_AVAILABILITY = YES_AGGRESSIVE;
				CLANG_WARN_UNREACHABLE_CODE = YES;
				CLANG_WARN__DUPLICATE_METHOD_MATCH = YES;
				COPY_PHASE_STRIP = NO;
				DEBUG_INFORMATION_FORMAT = dwarf;
				ENABLE_STRICT_OBJC_MSGSEND = YES;
				ENABLE_TESTABILITY = YES;
				GCC_C_LANGUAGE_STANDARD = gnu11;
				GCC_DYNAMIC_NO_PIC = NO;
				GCC_NO_COMMON_BLOCKS = YES;
				GCC_OPTIMIZATION_LEVEL = 0;
				GCC_PREPROCESSOR_DEFINITIONS = (
					"DEBUG=1",
					"$(inherited)",
				);
				GCC_WARN_64_TO_32_BIT_CONVERSION = YES;
				GCC_WARN_ABOUT_RETURN_TYPE = YES_ERROR;
				GCC_WARN_UNDECLARED_SELECTOR = YES;
				GCC_WARN_UNINITIALIZED_AUTOS = YES_AGGRESSIVE;
				GCC_WARN_UNUSED_FUNCTION = YES;
				GCC_WARN_UNUSED_VARIABLE = YES;
				IPHONEOS_DEPLOYMENT_TARGET = 13.6;
				MTL_ENABLE_DEBUG_INFO = INCLUDE_SOURCE;
				MTL_FAST_MATH = YES;
				ONLY_ACTIVE_ARCH = YES;
				SDKROOT = iphoneos;
				SWIFT_ACTIVE_COMPILATION_CONDITIONS = DEBUG;
				SWIFT_OPTIMIZATION_LEVEL = "-Onone";
			};
			name = Debug;
		};
		F54CA0EC2500CAA1008583D8 /* Release */ = {
			isa = XCBuildConfiguration;
			buildSettings = {
				ALWAYS_SEARCH_USER_PATHS = NO;
				CLANG_ANALYZER_NONNULL = YES;
				CLANG_ANALYZER_NUMBER_OBJECT_CONVERSION = YES_AGGRESSIVE;
				CLANG_CXX_LANGUAGE_STANDARD = "gnu++14";
				CLANG_CXX_LIBRARY = "libc++";
				CLANG_ENABLE_MODULES = YES;
				CLANG_ENABLE_OBJC_ARC = YES;
				CLANG_ENABLE_OBJC_WEAK = YES;
				CLANG_WARN_BLOCK_CAPTURE_AUTORELEASING = YES;
				CLANG_WARN_BOOL_CONVERSION = YES;
				CLANG_WARN_COMMA = YES;
				CLANG_WARN_CONSTANT_CONVERSION = YES;
				CLANG_WARN_DEPRECATED_OBJC_IMPLEMENTATIONS = YES;
				CLANG_WARN_DIRECT_OBJC_ISA_USAGE = YES_ERROR;
				CLANG_WARN_DOCUMENTATION_COMMENTS = YES;
				CLANG_WARN_EMPTY_BODY = YES;
				CLANG_WARN_ENUM_CONVERSION = YES;
				CLANG_WARN_INFINITE_RECURSION = YES;
				CLANG_WARN_INT_CONVERSION = YES;
				CLANG_WARN_NON_LITERAL_NULL_CONVERSION = YES;
				CLANG_WARN_OBJC_IMPLICIT_RETAIN_SELF = YES;
				CLANG_WARN_OBJC_LITERAL_CONVERSION = YES;
				CLANG_WARN_OBJC_ROOT_CLASS = YES_ERROR;
				CLANG_WARN_RANGE_LOOP_ANALYSIS = YES;
				CLANG_WARN_STRICT_PROTOTYPES = YES;
				CLANG_WARN_SUSPICIOUS_MOVE = YES;
				CLANG_WARN_UNGUARDED_AVAILABILITY = YES_AGGRESSIVE;
				CLANG_WARN_UNREACHABLE_CODE = YES;
				CLANG_WARN__DUPLICATE_METHOD_MATCH = YES;
				COPY_PHASE_STRIP = NO;
				DEBUG_INFORMATION_FORMAT = "dwarf-with-dsym";
				ENABLE_NS_ASSERTIONS = NO;
				ENABLE_STRICT_OBJC_MSGSEND = YES;
				GCC_C_LANGUAGE_STANDARD = gnu11;
				GCC_NO_COMMON_BLOCKS = YES;
				GCC_WARN_64_TO_32_BIT_CONVERSION = YES;
				GCC_WARN_ABOUT_RETURN_TYPE = YES_ERROR;
				GCC_WARN_UNDECLARED_SELECTOR = YES;
				GCC_WARN_UNINITIALIZED_AUTOS = YES_AGGRESSIVE;
				GCC_WARN_UNUSED_FUNCTION = YES;
				GCC_WARN_UNUSED_VARIABLE = YES;
				IPHONEOS_DEPLOYMENT_TARGET = 13.6;
				MTL_ENABLE_DEBUG_INFO = NO;
				MTL_FAST_MATH = YES;
				SDKROOT = iphoneos;
				SWIFT_COMPILATION_MODE = wholemodule;
				SWIFT_OPTIMIZATION_LEVEL = "-O";
				VALIDATE_PRODUCT = YES;
			};
			name = Release;
		};
		F54CA0EE2500CAA1008583D8 /* Debug */ = {
			isa = XCBuildConfiguration;
			baseConfigurationReference = B60E3EE37A9DFA49A4073802 /* Pods-MYSwiftDemo.debug.xcconfig */;
			buildSettings = {
				ASSETCATALOG_COMPILER_APPICON_NAME = AppIcon;
				CODE_SIGN_STYLE = Automatic;
				INFOPLIST_FILE = MYSwiftDemo/Info.plist;
				IPHONEOS_DEPLOYMENT_TARGET = 13.0;
				LD_RUNPATH_SEARCH_PATHS = (
					"$(inherited)",
					"@executable_path/Frameworks",
				);
				PRODUCT_BUNDLE_IDENTIFIER = com.ifungeek.www.MYSwiftDemo;
				PRODUCT_NAME = "$(TARGET_NAME)";
				SWIFT_VERSION = 5.0;
				TARGETED_DEVICE_FAMILY = 1;
			};
			name = Debug;
		};
		F54CA0EF2500CAA1008583D8 /* Release */ = {
			isa = XCBuildConfiguration;
			baseConfigurationReference = 57A1550B6A24AC4A49F58E79 /* Pods-MYSwiftDemo.release.xcconfig */;
			buildSettings = {
				ASSETCATALOG_COMPILER_APPICON_NAME = AppIcon;
				CODE_SIGN_STYLE = Automatic;
				INFOPLIST_FILE = MYSwiftDemo/Info.plist;
				IPHONEOS_DEPLOYMENT_TARGET = 13.0;
				LD_RUNPATH_SEARCH_PATHS = (
					"$(inherited)",
					"@executable_path/Frameworks",
				);
				PRODUCT_BUNDLE_IDENTIFIER = com.ifungeek.www.MYSwiftDemo;
				PRODUCT_NAME = "$(TARGET_NAME)";
				SWIFT_VERSION = 5.0;
				TARGETED_DEVICE_FAMILY = 1;
			};
			name = Release;
		};
/* End XCBuildConfiguration section */

/* Begin XCConfigurationList section */
		F54CA0D42500CAA0008583D8 /* Build configuration list for PBXProject "MYSwiftDemo" */ = {
			isa = XCConfigurationList;
			buildConfigurations = (
				F54CA0EB2500CAA1008583D8 /* Debug */,
				F54CA0EC2500CAA1008583D8 /* Release */,
			);
			defaultConfigurationIsVisible = 0;
			defaultConfigurationName = Release;
		};
		F54CA0ED2500CAA1008583D8 /* Build configuration list for PBXNativeTarget "MYSwiftDemo" */ = {
			isa = XCConfigurationList;
			buildConfigurations = (
				F54CA0EE2500CAA1008583D8 /* Debug */,
				F54CA0EF2500CAA1008583D8 /* Release */,
			);
			defaultConfigurationIsVisible = 0;
			defaultConfigurationName = Release;
		};
/* End XCConfigurationList section */
	};
	rootObject = F54CA0D12500CAA0008583D8 /* Project object */;
}
